
Microsoft Visual Studio Solution File, Format Version 12.00
# Visual Studio Version 17
VisualStudioVersion = 17.0.31903.59
MinimumVisualStudioVersion = 10.0.40219.1
Project("{2150E333-8FDC-42A3-9474-1A3956D46DE8}") = "tests", "tests", "{A8E1CF0B-F3DA-429B-AC20-2E70CE5C5709}"
EndProject
Project("{2150E333-8FDC-42A3-9474-1A3956D46DE8}") = "src", "src", "{1A779B32-ED0C-4A74-9A88-B44E75D7B2F7}"
EndProject
Project("{FAE04EC0-301F-11D3-BF4B-00C04F79EFBC}") = "AdventOfCode.Day01", "src\AdventOfCode.Day01\AdventOfCode.Day01.csproj", "{5DC1F53F-63CB-4289-9490-4470D7F24154}"
EndProject
Project("{FAE04EC0-301F-11D3-BF4B-00C04F79EFBC}") = "AdventOfCode.Tests.Day01", "tests\AdventOfCode.Tests.Day01\AdventOfCode.Tests.Day01.csproj", "{1C148D78-A62C-440E-B71A-4BAAFC129F7A}"
EndProject
Project("{FAE04EC0-301F-11D3-BF4B-00C04F79EFBC}") = "AdventOfCode.Day02", "src\AdventOfCode.Day02\AdventOfCode.Day02.csproj", "{ED49640B-0C7A-4D3B-B283-436030E269B8}"
EndProject
Project("{FAE04EC0-301F-11D3-BF4B-00C04F79EFBC}") = "AdventOfCode.Tests.Day02", "tests\AdventOfCode.Tests.Day02\AdventOfCode.Tests.Day02.csproj", "{5F5C1F34-55A6-4AD9-B6F0-4F9252F6FAE0}"
EndProject
Project("{FAE04EC0-301F-11D3-BF4B-00C04F79EFBC}") = "AdventOfCode.Tests.Day03", "tests\AdventOfCode.Tests.Day03\AdventOfCode.Tests.Day03.csproj", "{F81B58AA-0AAC-4F7E-8487-0D3E5721AE72}"
EndProject
Project("{FAE04EC0-301F-11D3-BF4B-00C04F79EFBC}") = "AdventOfCode.Day03", "src\AdventOfCode.Day03\AdventOfCode.Day03.csproj", "{3FB0CB36-270B-491C-8085-A2085BF1EAB2}"
EndProject
Project("{FAE04EC0-301F-11D3-BF4B-00C04F79EFBC}") = "AdventOfCode.Day04", "src\AdventOfCode.Day04\AdventOfCode.Day04.csproj", "{C5480D24-F75D-40E3-91D2-3905C67606CC}"
EndProject
Project("{FAE04EC0-301F-11D3-BF4B-00C04F79EFBC}") = "AdventOfCode.Tests.Day04", "tests\AdventOfCode.Tests.Day04\AdventOfCode.Tests.Day04.csproj", "{E8B0601E-0A9A-4703-8922-5F8790D29E7F}"
EndProject
Project("{FAE04EC0-301F-11D3-BF4B-00C04F79EFBC}") = "AdventOfCode.Tests.Day05", "tests\AdventOfCode.Tests.Day05\AdventOfCode.Tests.Day05.csproj", "{4A487C75-70AD-4BFA-A8E9-19FED7923389}"
EndProject
Project("{FAE04EC0-301F-11D3-BF4B-00C04F79EFBC}") = "AdventOfCode.Day05", "src\AdventOfCode.Day05\AdventOfCode.Day05.csproj", "{13D7D109-5318-4A8C-B6B4-9356529E07DC}"
EndProject
Project("{FAE04EC0-301F-11D3-BF4B-00C04F79EFBC}") = "AdventOfCode.Day06", "src\AdventOfCode.Day06\AdventOfCode.Day06.csproj", "{95E06244-CF81-477A-BCBE-3D29D5715F49}"
EndProject
Project("{FAE04EC0-301F-11D3-BF4B-00C04F79EFBC}") = "AdventOfCode.Tests.Day06", "tests\AdventOfCode.Tests.Day06\AdventOfCode.Tests.Day06.csproj", "{F4E28A51-AEA9-41FB-93DA-ED3D8E0F1454}"
EndProject
Project("{FAE04EC0-301F-11D3-BF4B-00C04F79EFBC}") = "AdventOfCode.Day07", "src\AdventOfCode.Day07\AdventOfCode.Day07.csproj", "{0FB9A302-C6D8-4965-A1D2-725BF697B814}"
EndProject
Project("{FAE04EC0-301F-11D3-BF4B-00C04F79EFBC}") = "AdventOfCode.Tests.Day07", "tests\AdventOfCode.Tests.Day07\AdventOfCode.Tests.Day07.csproj", "{8AF5A762-7C16-475C-994A-B33D39575AA4}"
EndProject
Project("{FAE04EC0-301F-11D3-BF4B-00C04F79EFBC}") = "AdventOfCode.Day08", "src\AdventOfCode.Day08\AdventOfCode.Day08.csproj", "{47FB76CE-C4D7-4F02-8611-B94078CC4F0E}"
EndProject
Project("{FAE04EC0-301F-11D3-BF4B-00C04F79EFBC}") = "AdventOfCode.Tests.Day08", "tests\AdventOfCode.Tests.Day08\AdventOfCode.Tests.Day08.csproj", "{63FAA4C1-3252-4660-913D-499D8F761023}"
EndProject
Global
	GlobalSection(SolutionConfigurationPlatforms) = preSolution
		Debug|Any CPU = Debug|Any CPU
		Release|Any CPU = Release|Any CPU
	EndGlobalSection
	GlobalSection(SolutionProperties) = preSolution
		HideSolutionNode = FALSE
	EndGlobalSection
	GlobalSection(ProjectConfigurationPlatforms) = postSolution
		{5DC1F53F-63CB-4289-9490-4470D7F24154}.Debug|Any CPU.ActiveCfg = Debug|Any CPU
		{5DC1F53F-63CB-4289-9490-4470D7F24154}.Debug|Any CPU.Build.0 = Debug|Any CPU
		{5DC1F53F-63CB-4289-9490-4470D7F24154}.Release|Any CPU.ActiveCfg = Release|Any CPU
		{5DC1F53F-63CB-4289-9490-4470D7F24154}.Release|Any CPU.Build.0 = Release|Any CPU
		{1C148D78-A62C-440E-B71A-4BAAFC129F7A}.Debug|Any CPU.ActiveCfg = Debug|Any CPU
		{1C148D78-A62C-440E-B71A-4BAAFC129F7A}.Debug|Any CPU.Build.0 = Debug|Any CPU
		{1C148D78-A62C-440E-B71A-4BAAFC129F7A}.Release|Any CPU.ActiveCfg = Release|Any CPU
		{1C148D78-A62C-440E-B71A-4BAAFC129F7A}.Release|Any CPU.Build.0 = Release|Any CPU
		{ED49640B-0C7A-4D3B-B283-436030E269B8}.Debug|Any CPU.ActiveCfg = Debug|Any CPU
		{ED49640B-0C7A-4D3B-B283-436030E269B8}.Debug|Any CPU.Build.0 = Debug|Any CPU
		{ED49640B-0C7A-4D3B-B283-436030E269B8}.Release|Any CPU.ActiveCfg = Release|Any CPU
		{ED49640B-0C7A-4D3B-B283-436030E269B8}.Release|Any CPU.Build.0 = Release|Any CPU
		{5F5C1F34-55A6-4AD9-B6F0-4F9252F6FAE0}.Debug|Any CPU.ActiveCfg = Debug|Any CPU
		{5F5C1F34-55A6-4AD9-B6F0-4F9252F6FAE0}.Debug|Any CPU.Build.0 = Debug|Any CPU
		{5F5C1F34-55A6-4AD9-B6F0-4F9252F6FAE0}.Release|Any CPU.ActiveCfg = Release|Any CPU
		{5F5C1F34-55A6-4AD9-B6F0-4F9252F6FAE0}.Release|Any CPU.Build.0 = Release|Any CPU
		{F81B58AA-0AAC-4F7E-8487-0D3E5721AE72}.Debug|Any CPU.ActiveCfg = Debug|Any CPU
		{F81B58AA-0AAC-4F7E-8487-0D3E5721AE72}.Debug|Any CPU.Build.0 = Debug|Any CPU
		{F81B58AA-0AAC-4F7E-8487-0D3E5721AE72}.Release|Any CPU.ActiveCfg = Release|Any CPU
		{F81B58AA-0AAC-4F7E-8487-0D3E5721AE72}.Release|Any CPU.Build.0 = Release|Any CPU
		{3FB0CB36-270B-491C-8085-A2085BF1EAB2}.Debug|Any CPU.ActiveCfg = Debug|Any CPU
		{3FB0CB36-270B-491C-8085-A2085BF1EAB2}.Debug|Any CPU.Build.0 = Debug|Any CPU
		{3FB0CB36-270B-491C-8085-A2085BF1EAB2}.Release|Any CPU.ActiveCfg = Release|Any CPU
		{3FB0CB36-270B-491C-8085-A2085BF1EAB2}.Release|Any CPU.Build.0 = Release|Any CPU
		{C5480D24-F75D-40E3-91D2-3905C67606CC}.Debug|Any CPU.ActiveCfg = Debug|Any CPU
		{C5480D24-F75D-40E3-91D2-3905C67606CC}.Debug|Any CPU.Build.0 = Debug|Any CPU
		{C5480D24-F75D-40E3-91D2-3905C67606CC}.Release|Any CPU.ActiveCfg = Release|Any CPU
		{C5480D24-F75D-40E3-91D2-3905C67606CC}.Release|Any CPU.Build.0 = Release|Any CPU
		{E8B0601E-0A9A-4703-8922-5F8790D29E7F}.Debug|Any CPU.ActiveCfg = Debug|Any CPU
		{E8B0601E-0A9A-4703-8922-5F8790D29E7F}.Debug|Any CPU.Build.0 = Debug|Any CPU
		{E8B0601E-0A9A-4703-8922-5F8790D29E7F}.Release|Any CPU.ActiveCfg = Release|Any CPU
		{E8B0601E-0A9A-4703-8922-5F8790D29E7F}.Release|Any CPU.Build.0 = Release|Any CPU
		{4A487C75-70AD-4BFA-A8E9-19FED7923389}.Debug|Any CPU.ActiveCfg = Debug|Any CPU
		{4A487C75-70AD-4BFA-A8E9-19FED7923389}.Debug|Any CPU.Build.0 = Debug|Any CPU
		{4A487C75-70AD-4BFA-A8E9-19FED7923389}.Release|Any CPU.ActiveCfg = Release|Any CPU
		{4A487C75-70AD-4BFA-A8E9-19FED7923389}.Release|Any CPU.Build.0 = Release|Any CPU
		{13D7D109-5318-4A8C-B6B4-9356529E07DC}.Debug|Any CPU.ActiveCfg = Debug|Any CPU
		{13D7D109-5318-4A8C-B6B4-9356529E07DC}.Debug|Any CPU.Build.0 = Debug|Any CPU
		{13D7D109-5318-4A8C-B6B4-9356529E07DC}.Release|Any CPU.ActiveCfg = Release|Any CPU
		{13D7D109-5318-4A8C-B6B4-9356529E07DC}.Release|Any CPU.Build.0 = Release|Any CPU
		{95E06244-CF81-477A-BCBE-3D29D5715F49}.Debug|Any CPU.ActiveCfg = Debug|Any CPU
		{95E06244-CF81-477A-BCBE-3D29D5715F49}.Debug|Any CPU.Build.0 = Debug|Any CPU
		{95E06244-CF81-477A-BCBE-3D29D5715F49}.Release|Any CPU.ActiveCfg = Release|Any CPU
		{95E06244-CF81-477A-BCBE-3D29D5715F49}.Release|Any CPU.Build.0 = Release|Any CPU
		{F4E28A51-AEA9-41FB-93DA-ED3D8E0F1454}.Debug|Any CPU.ActiveCfg = Debug|Any CPU
		{F4E28A51-AEA9-41FB-93DA-ED3D8E0F1454}.Debug|Any CPU.Build.0 = Debug|Any CPU
		{F4E28A51-AEA9-41FB-93DA-ED3D8E0F1454}.Release|Any CPU.ActiveCfg = Release|Any CPU
		{F4E28A51-AEA9-41FB-93DA-ED3D8E0F1454}.Release|Any CPU.Build.0 = Release|Any CPU
		{0FB9A302-C6D8-4965-A1D2-725BF697B814}.Debug|Any CPU.ActiveCfg = Debug|Any CPU
		{0FB9A302-C6D8-4965-A1D2-725BF697B814}.Debug|Any CPU.Build.0 = Debug|Any CPU
		{0FB9A302-C6D8-4965-A1D2-725BF697B814}.Release|Any CPU.ActiveCfg = Release|Any CPU
		{0FB9A302-C6D8-4965-A1D2-725BF697B814}.Release|Any CPU.Build.0 = Release|Any CPU
		{8AF5A762-7C16-475C-994A-B33D39575AA4}.Debug|Any CPU.ActiveCfg = Debug|Any CPU
		{8AF5A762-7C16-475C-994A-B33D39575AA4}.Debug|Any CPU.Build.0 = Debug|Any CPU
		{8AF5A762-7C16-475C-994A-B33D39575AA4}.Release|Any CPU.ActiveCfg = Release|Any CPU
		{8AF5A762-7C16-475C-994A-B33D39575AA4}.Release|Any CPU.Build.0 = Release|Any CPU
		{47FB76CE-C4D7-4F02-8611-B94078CC4F0E}.Debug|Any CPU.ActiveCfg = Debug|Any CPU
		{47FB76CE-C4D7-4F02-8611-B94078CC4F0E}.Debug|Any CPU.Build.0 = Debug|Any CPU
		{47FB76CE-C4D7-4F02-8611-B94078CC4F0E}.Release|Any CPU.ActiveCfg = Release|Any CPU
		{47FB76CE-C4D7-4F02-8611-B94078CC4F0E}.Release|Any CPU.Build.0 = Release|Any CPU
		{63FAA4C1-3252-4660-913D-499D8F761023}.Debug|Any CPU.ActiveCfg = Debug|Any CPU
		{63FAA4C1-3252-4660-913D-499D8F761023}.Debug|Any CPU.Build.0 = Debug|Any CPU
		{63FAA4C1-3252-4660-913D-499D8F761023}.Release|Any CPU.ActiveCfg = Release|Any CPU
		{63FAA4C1-3252-4660-913D-499D8F761023}.Release|Any CPU.Build.0 = Release|Any CPU
	EndGlobalSection
	GlobalSection(NestedProjects) = preSolution
		{5DC1F53F-63CB-4289-9490-4470D7F24154} = {1A779B32-ED0C-4A74-9A88-B44E75D7B2F7}
		{1C148D78-A62C-440E-B71A-4BAAFC129F7A} = {A8E1CF0B-F3DA-429B-AC20-2E70CE5C5709}
		{ED49640B-0C7A-4D3B-B283-436030E269B8} = {1A779B32-ED0C-4A74-9A88-B44E75D7B2F7}
		{5F5C1F34-55A6-4AD9-B6F0-4F9252F6FAE0} = {A8E1CF0B-F3DA-429B-AC20-2E70CE5C5709}
		{F81B58AA-0AAC-4F7E-8487-0D3E5721AE72} = {A8E1CF0B-F3DA-429B-AC20-2E70CE5C5709}
		{3FB0CB36-270B-491C-8085-A2085BF1EAB2} = {1A779B32-ED0C-4A74-9A88-B44E75D7B2F7}
		{C5480D24-F75D-40E3-91D2-3905C67606CC} = {1A779B32-ED0C-4A74-9A88-B44E75D7B2F7}
		{E8B0601E-0A9A-4703-8922-5F8790D29E7F} = {A8E1CF0B-F3DA-429B-AC20-2E70CE5C5709}
		{4A487C75-70AD-4BFA-A8E9-19FED7923389} = {A8E1CF0B-F3DA-429B-AC20-2E70CE5C5709}
		{13D7D109-5318-4A8C-B6B4-9356529E07DC} = {1A779B32-ED0C-4A74-9A88-B44E75D7B2F7}
		{95E06244-CF81-477A-BCBE-3D29D5715F49} = {1A779B32-ED0C-4A74-9A88-B44E75D7B2F7}
		{F4E28A51-AEA9-41FB-93DA-ED3D8E0F1454} = {A8E1CF0B-F3DA-429B-AC20-2E70CE5C5709}
		{0FB9A302-C6D8-4965-A1D2-725BF697B814} = {1A779B32-ED0C-4A74-9A88-B44E75D7B2F7}
		{8AF5A762-7C16-475C-994A-B33D39575AA4} = {A8E1CF0B-F3DA-429B-AC20-2E70CE5C5709}
		{47FB76CE-C4D7-4F02-8611-B94078CC4F0E} = {1A779B32-ED0C-4A74-9A88-B44E75D7B2F7}
		{63FAA4C1-3252-4660-913D-499D8F761023} = {A8E1CF0B-F3DA-429B-AC20-2E70CE5C5709}
	EndGlobalSection
EndGlobal
